// !$*UTF8*$!
{
	archiveVersion = 1;
	classes = {
	};
	objectVersion = 77;
	objects = {

/* Begin PBXFileReference section */
		0000000000000000000000A7 /* StudentOS.app */ = {isa = PBXFileReference; explicitFileType = wrapper.application; includeInIndex = 0; path = StudentOS.app; sourceTree = BUILT_PRODUCTS_DIR; };
		0000000000000000000000A8 /* StudentOSTests.xctest */ = {isa = PBXFileReference; explicitFileType = wrapper.cfbundle; includeInIndex = 0; path = StudentOSTests.xctest; sourceTree = BUILT_PRODUCTS_DIR; };
/* End PBXFileReference section */

/* Begin PBXFileSystemSynchronizedRootGroup section */
		0000000000000000000000A3 /* StudentOS */ = {isa = PBXFileSystemSynchronizedRootGroup; path = StudentOS; sourceTree = "<group>"; };
		0000000000000000000000A4 /* StudentOSTests */ = {isa = PBXFileSystemSynchronizedRootGroup; path = StudentOSTests; sourceTree = "<group>"; };
/* End PBXFileSystemSynchronizedRootGroup section */

/* Begin PBXFrameworksBuildPhase section */
		0000000000000000000000C1 /* Frameworks */ = {isa = PBXFrameworksBuildPhase; buildActionMask = 2147483647; files = (); runOnlyForDeploymentPostprocessing = 0; };
		0000000000000000000000C4 /* Frameworks */ = {isa = PBXFrameworksBuildPhase; buildActionMask = 2147483647; files = (); runOnlyForDeploymentPostprocessing = 0; };
/* End PBXFrameworksBuildPhase section */

/* Begin PBXGroup section */
		0000000000000000000000A1 = {
			isa = PBXGroup;
			children = (
				0000000000000000000000A3 /* StudentOS */,
				0000000000000000000000A4 /* StudentOSTests */,
				0000000000000000000000A2 /* Products */,
			);
			sourceTree = "<group>";
		};
		0000000000000000000000A2 /* Products */ = {
			isa = PBXGroup;
			children = (
				0000000000000000000000A7 /* StudentOS.app */,
				0000000000000000000000A8 /* StudentOSTests.xctest */,
			);
			name = Products;
			sourceTree = "<group>";
		};
/* End PBXGroup section */

/* Begin PBXNativeTarget section */
		0000000000000000000000A5 /* StudentOS */ = {
			isa = PBXNativeTarget;
			buildConfigurationList = 0000000000000000000000B1 /* Build configuration list for PBXNativeTarget "StudentOS" */;
			buildPhases = (
				0000000000000000000000C0 /* Sources */,
				0000000000000000000000C1 /* Frameworks */,
				0000000000000000000000C2 /* Resources */,
			);
			buildRules = ();
			dependencies = ();
			fileSystemSynchronizedGroups = (
				0000000000000000000000A3 /* StudentOS */,
			);
			name = StudentOS;
			productName = StudentOS;
			productReference = 0000000000000000000000A7 /* StudentOS.app */;
			productType = "com.apple.product-type.application";
		};
		0000000000000000000000A6 /* StudentOSTests */ = {
			isa = PBXNativeTarget;
			buildConfigurationList = 0000000000000000000000B2 /* Build configuration list for PBXNativeTarget "StudentOSTests" */;
			buildPhases = (
				0000000000000000000000C3 /* Sources */,
				0000000000000000000000C4 /* Frameworks */,
				0000000000000000000000C5 /* Resources */,
			);
			buildRules = ();
			dependencies = (
				0000000000000000000000C6 /* PBXTargetDependency */,
			);
			fileSystemSynchronizedGroups = (
				0000000000000000000000A4 /* StudentOSTests */,
			);
			name = StudentOSTests;
			productName = StudentOSTests;
			productReference = 0000000000000000000000A8 /* StudentOSTests.xctest */;
			productType = "com.apple.product-type.bundle.unit-test";
		};
/* End PBXNativeTarget section */

/* Begin PBXProject section */
		0000000000000000000000A0 /* Project object */ = {
			isa = PBXProject;
			attributes = {
				BuildIndependentTargetsInParallel = 1;
				LastUpgradeCheck = 2600;
				TargetAttributes = {
					0000000000000000000000A5 = {
						CreatedOnToolsVersion = 26.0;
					};
					0000000000000000000000A6 = {
						CreatedOnToolsVersion = 26.0;
						TestTargetID = 0000000000000000000000A5;
					};
				};
			};
			buildConfigurationList = 0000000000000000000000B0 /* Build configuration list for PBXProject "StudentOS" */;
			developmentRegion = en;
			hasScannedForEncodings = 0;
			knownRegions = (
				en,
				Base,
			);
			mainGroup = 0000000000000000000000A1;
			minimizedProjectReferenceProxies = 1;
			preferredProjectObjectVersion = 77;
			productRefGroup = 0000000000000000000000A2 /* Products */;
			projectDirPath = "";
			projectRoot = "";
			targets = (
				0000000000000000000000A5 /* StudentOS */,
				0000000000000000000000A6 /* StudentOSTests */,
			);
		};
/* End PBXProject section */

/* Begin PBXResourcesBuildPhase section */
		0000000000000000000000C2 /* Resources */ = {isa = PBXResourcesBuildPhase; buildActionMask = 2147483647; files = (); runOnlyForDeploymentPostprocessing = 0; };
		0000000000000000000000C5 /* Resources */ = {isa = PBXResourcesBuildPhase; buildActionMask = 2147483647; files = (); runOnlyForDeploymentPostprocessing = 0; };
/* End PBXResourcesBuildPhase section */

/* Begin PBXSourcesBuildPhase section */
		0000000000000000000000C0 /* Sources */ = {isa = PBXSourcesBuildPhase; buildActionMask = 2147483647; files = (); runOnlyForDeploymentPostprocessing = 0; };
		0000000000000000000000C3 /* Sources */ = {isa = PBXSourcesBuildPhase; buildActionMask = 2147483647; files = (); runOnlyForDeploymentPostprocessing = 0; };
/* End PBXSourcesBuildPhase section */

/* Begin PBXTargetDependency section */
		0000000000000000000000C6 /* PBXTargetDependency */ = {
			isa = PBXTargetDependency;
			target = 0000000000000000000000A5 /* StudentOS */;
			targetProxy = 0000000000000000000000C7 /* PBXContainerItemProxy */;
		};
/* End PBXTargetDependency section */

/* Begin PBXContainerItemProxy section */
		0000000000000000000000C7 /* PBXContainerItemProxy */ = {
			isa = PBXContainerItemProxy;
			containerPortal = 0000000000000000000000A0 /* Project object */;
			proxyType = 1;
			remoteGlobalIDString = 0000000000000000000000A5;
			remoteInfo = StudentOS;
		};
/* End PBXContainerItemProxy section */

/* Begin XCBuildConfiguration section */
		0000000000000000000000B3 /* Debug */ = {
			isa = XCBuildConfiguration;
			buildSettings = {
				ALWAYS_SEARCH_USER_PATHS = NO;
				CLANG_ENABLE_MODULES = YES;
				CODE_SIGNING_ALLOWED = NO;
				ENABLE_TESTABILITY = YES;
				GCC_OPTIMIZATION_LEVEL = 0;
				IPHONEOS_DEPLOYMENT_TARGET = 17.0;
				ONLY_ACTIVE_ARCH = YES;
				SDKROOT = iphoneos;
				SWIFT_OPTIMIZATION_LEVEL = "-Onone";
				SWIFT_VERSION = 5.0;
			};
			name = Debug;
		};
		0000000000000000000000B4 /* Release */ = {
			isa = XCBuildConfiguration;
			buildSettings = {
				ALWAYS_SEARCH_USER_PATHS = NO;
				CLANG_ENABLE_MODULES = YES;
				CODE_SIGNING_ALLOWED = NO;
				IPHONEOS_DEPLOYMENT_TARGET = 17.0;
				SDKROOT = iphoneos;
				SWIFT_COMPILATION_MODE = wholemodule;
				SWIFT_VERSION = 5.0;
				VALIDATE_PRODUCT = YES;
			};
			name = Release;
		};
		0000000000000000000000B5 /* Debug */ = {
			isa = XCBuildConfiguration;
			buildSettings = {
				ASSETCATALOG_COMPILER_APPICON_NAME = AppIcon;
				CODE_SIGNING_ALLOWED = NO;
				CURRENT_PROJECT_VERSION = 1;
				GENERATE_INFOPLIST_FILE = YES;
				INFOPLIST_KEY_UIApplicationSceneManifest_Generation = YES;
				INFOPLIST_KEY_UILaunchScreen_Generation = YES;
				MARKETING_VERSION = 0.0.0;
				PRODUCT_BUNDLE_IDENTIFIER = com.studentos.app;
				PRODUCT_NAME = "$(TARGET_NAME)";
				SWIFT_EMIT_LOC_STRINGS = YES;
				TARGETED_DEVICE_FAMILY = "1,2";
			};
			name = Debug;
		};
		0000000000000000000000B6 /* Release */ = {
			isa = XCBuildConfiguration;
			buildSettings = {
				ASSETCATALOG_COMPILER_APPICON_NAME = AppIcon;
				CODE_SIGNING_ALLOWED = NO;
				CURRENT_PROJECT_VERSION = 1;
				GENERATE_INFOPLIST_FILE = YES;
				INFOPLIST_KEY_UIApplicationSceneManifest_Generation = YES;
				INFOPLIST_KEY_UILaunchScreen_Generation = YES;
				MARKETING_VERSION = 0.0.0;
				PRODUCT_BUNDLE_IDENTIFIER = com.studentos.app;
				PRODUCT_NAME = "$(TARGET_NAME)";
				SWIFT_EMIT_LOC_STRINGS = YES;
				TARGETED_DEVICE_FAMILY = "1,2";
			};
			name = Release;
		};
		0000000000000000000000B7 /* Debug */ = {
			isa = XCBuildConfiguration;
			buildSettings = {
				BUNDLE_LOADER = "$(TEST_HOST)";
				CODE_SIGNING_ALLOWED = NO;
				CURRENT_PROJECT_VERSION = 1;
				GENERATE_INFOPLIST_FILE = YES;
				MARKETING_VERSION = 0.0.0;
				PRODUCT_BUNDLE_IDENTIFIER = com.studentos.app.tests;
				PRODUCT_NAME = "$(TARGET_NAME)";
				SWIFT_EMIT_LOC_STRINGS = NO;
				TARGETED_DEVICE_FAMILY = "1,2";
				TEST_HOST = "$(BUILT_PRODUCTS_DIR)/StudentOS.app/$(BUNDLE_EXECUTABLE_FOLDER_PATH)/StudentOS";
			};
			name = Debug;
		};
		0000000000000000000000B8 /* Release */ = {
			isa = XCBuildConfiguration;
			buildSettings = {
				BUNDLE_LOADER = "$(TEST_HOST)";
				CODE_SIGNING_ALLOWED = NO;
				CURRENT_PROJECT_VERSION = 1;
				GENERATE_INFOPLIST_FILE = YES;
				MARKETING_VERSION = 0.0.0;
				PRODUCT_BUNDLE_IDENTIFIER = com.studentos.app.tests;
				PRODUCT_NAME = "$(TARGET_NAME)";
				SWIFT_EMIT_LOC_STRINGS = NO;
				TARGETED_DEVICE_FAMILY = "1,2";
				TEST_HOST = "$(BUILT_PRODUCTS_DIR)/StudentOS.app/$(BUNDLE_EXECUTABLE_FOLDER_PATH)/StudentOS";
			};
			name = Release;
		};
/* End XCBuildConfiguration section */

/* Begin XCConfigurationList section */
		0000000000000000000000B0 /* Build configuration list for PBXProject "StudentOS" */ = {
			isa = XCConfigurationList;
			buildConfigurations = (
				0000000000000000000000B3 /* Debug */,
				0000000000000000000000B4 /* Release */,
			);
			defaultConfigurationIsVisible = 0;
			defaultConfigurationName = Release;
		};
		0000000000000000000000B1 /* Build configuration list for PBXNativeTarget "StudentOS" */ = {
			isa = XCConfigurationList;
			buildConfigurations = (
				0000000000000000000000B5 /* Debug */,
				0000000000000000000000B6 /* Release */,
			);
			defaultConfigurationIsVisible = 0;
			defaultConfigurationName = Release;
		};
		0000000000000000000000B2 /* Build configuration list for PBXNativeTarget "StudentOSTests" */ = {
			isa = XCConfigurationList;
			buildConfigurations = (
				0000000000000000000000B7 /* Debug */,
				0000000000000000000000B8 /* Release */,
			);
			defaultConfigurationIsVisible = 0;
			defaultConfigurationName = Release;
		};
/* End XCConfigurationList section */
	};
	rootObject = 0000000000000000000000A0 /* Project object */;
}
